
Microsoft Visual Studio Solution File, Format Version 12.00
# Visual Studio Version 17
VisualStudioVersion = 17.14.36518.9 d17.14
MinimumVisualStudioVersion = 10.0.40219.1
Project("{FAE04EC0-301F-11D3-BF4B-00C04F79EFBC}") = "Leave_Management_System", "Leave_Management_System.csproj", "{29C01D7C-0FD9-42D1-AE5F-88A5F921D59E}"
EndProject
Global
	GlobalSection(SolutionConfigurationPlatforms) = preSolution
		Debug|Any CPU = Debug|Any CPU
		Release|Any CPU = Release|Any CPU
	EndGlobalSection
	GlobalSection(ProjectConfigurationPlatforms) = postSolution
		{29C01D7C-0FD9-42D1-AE5F-88A5F921D59E}.Debug|Any CPU.ActiveCfg = Debug|Any CPU
		{29C01D7C-0FD9-42D1-AE5F-88A5F921D59E}.Debug|Any CPU.Build.0 = Debug|Any CPU
		{29C01D7C-0FD9-42D1-AE5F-88A5F921D59E}.Release|Any CPU.ActiveCfg = Release|Any CPU
		{29C01D7C-0FD9-42D1-AE5F-88A5F921D59E}.Release|Any CPU.Build.0 = Release|Any CPU
	EndGlobalSection
	GlobalSection(SolutionProperties) = preSolution
		HideSolutionNode = FALSE
	EndGlobalSection
	GlobalSection(ExtensibilityGlobals) = postSolution
		SolutionGuid = {3222C881-DA86-4DAE-8566-AFFFCA17F88D}
	EndGlobalSection
EndGlobal
